{
  "lockfile_version": "1",
  "packages": {
    "cilium-cli@latest": {
      "last_modified": "2026-08-27T07:16:00Z",
      "resolved": "github:NixOS/nixpkgs/c27cdad491a991b11ed731760aa2ef8db0cb0410#cilium-cli",
      "source": "devbox-search",
      "version": "0.19.7",
      "systems": {
        "aarch64-darwin": {
          "outputs": [
            {
              "name": "out",
              "path": "/nix/store/fbcl5y42724kyx3c82fg6hdnn3pz4rm4-cilium-cli-0.19.7",
              "default": true
            }
          ],
          "store_path": "/nix/store/fbcl5y42724kyx3c82fg6hdnn3pz4rm4-cilium-cli-0.19.7"
        },
        "aarch64-linux": {
          "outputs": [
            {
              "name": "out",
              "path": "/nix/store/5fkas2wcypzqx6z23yk6wwmracp4br83-cilium-cli-0.19.7",
              "default": true
            }
          ],
          "store_path": "/nix/store/5fkas2wcypzqx6z23yk6wwmracp4br83-cilium-cli-0.19.7"
        },
        "x86_64-linux": {
          "outputs": [
            {
              "name": "out",
              "path": "/nix/store/19f70h8g7l5fxhrcq38sywlswgqrmv6y-cilium-cli-0.19.7",
              "default": true
            }
          ],
          "store_path": "/nix/store/19f70h8g7l5fxhrcq38sywlswgqrmv6y-cilium-cli-0.19.7"
        }
      }
    },
    "github:NixOS/nixpkgs/nixpkgs-unstable": {
      "last_modified": "2026-09-18T09:35:58Z",
      "resolved": "github:NixOS/nixpkgs/0a3468a402c449992505b6a9fc5b06580141b750?lastModified=1789724158&narHash=sha256-nlKgrm0dsVhOSopKheVBCcOpiIticufPPVLdVOI0euA%3D"
    },
    "jq@latest": {
      "last_modified": "2026-08-27T07:16:00Z",
      "resolved": "github:NixOS/nixpkgs/c27cdad491a991b11ed731760aa2ef8db0cb0410#jq",
      "source": "devbox-search",
      "version": "1.8.2",
      "systems": {
        "aarch64-darwin": {
          "outputs": [
            {
              "name": "bin",
              "path": "/nix/store/d01nk4ck93bwlzwbnnb1qf1kv4d94a09-jq-1.8.2-bin",
              "default": true
            },
            {
              "name": "man",
              "path": "/nix/store/s1d0597z830wrhza2g5b6i9a4a0jis8a-jq-1.8.2-man",
              "default": true
            },
            {
              "name": "out",
              "path": "/nix/store/bpfcs06n720irpzril2mh6z59ddafhzx-jq-1.8.2"
            },
            {
              "name": "dev",
              "path": "/nix/store/mf170p9ynrn0g7s5i8kw655i1q4dxl6y-jq-1.8.2-dev"
            },
            {
              "name": "doc",
              "path": "/nix/store/bhalwqvdympjhs6gj584d29bga0l8q3s-jq-1.8.2-doc"
            }
          ],
          "store_path": "/nix/store/d01nk4ck93bwlzwbnnb1qf1kv4d94a09-jq-1.8.2-bin"
        },
        "aarch64-linux": {
          "outputs": [
            {
              "name": "bin",
              "path": "/nix/store/hrr6n4qkb2j2rqh7a1jda0yc9gpa8h4d-jq-1.8.2-bin",
              "default": true
            },
            {
              "name": "man",
              "path": "/nix/store/y3rq55wvfwpfy45nmz6yc2vxgcr1zns5-jq-1.8.2-man",
              "default": true
            },
            {
              "name": "dev",
              "path": "/nix/store/xi52wx9sndkrrzp5wy2d8nrw1hysm8hc-jq-1.8.2-dev"
            },
            {
              "name": "doc",
              "path": "/nix/store/frrdd4c55msxdrd3fmyadyry5dwnnysd-jq-1.8.2-doc"
            },
            {
              "name": "out",
              "path": "/nix/store/qjpdggb1lyay7wv5a0p9j9cvj9y3j2a6-jq-1.8.2"
            }
          ],
          "store_path": "/nix/store/hrr6n4qkb2j2rqh7a1jda0yc9gpa8h4d-jq-1.8.2-bin"
        },
        "x86_64-linux": {
          "outputs": [
            {
              "name": "bin",
              "path": "/nix/store/xvd6920kffyyshg7mbw5wvfk6lg9wfkl-jq-1.8.2-bin",
              "default": true
            },
            {
              "name": "man",
              "path": "/nix/store/n36fiv9a8p19bcj6cyjfgmb0l9s55qfn-jq-1.8.2-man",
              "default": true
            },
            {
              "name": "dev",
              "path": "/nix/store/qavm4f7d2wm4s9v1ck90n200y20x95fm-jq-1.8.2-dev"
            },
            {
              "name": "doc",
              "path": "/nix/store/2ga5gcahn4vr0b5fmlinxbz1w2m4qm5g-jq-1.8.2-doc"
            },
            {
              "name": "out",
              "path": "/nix/store/d91mwgs15hv4ajza7jn6axyiwa07ga7m-jq-1.8.2"
            }
          ],
          "store_path": "/nix/store/xvd6920kffyyshg7mbw5wvfk6lg9wfkl-jq-1.8.2-bin"
        }
      }
    },
    "k9s@latest": {
      "last_modified": "2026-08-27T07:16:00Z",
      "resolved": "github:NixOS/nixpkgs/c27cdad491a991b11ed731760aa2ef8db0cb0410#k9s",
      "source": "devbox-search",
      "version": "0.51.0",
      "systems": {
        "aarch64-darwin": {
          "outputs": [
            {
              "name": "out",
              "path": "/nix/store/s5djwfccraagv2s90hjbjjl7p58a9yn5-k9s-0.51.0",
              "default": true
            }
          ],
          "store_path": "/nix/store/s5djwfccraagv2s90hjbjjl7p58a9yn5-k9s-0.51.0"
        },
        "aarch64-linux": {
          "outputs": [
            {
              "name": "out",
              "path": "/nix/store/6mgqv0i5qvxbdnl3a4fmr30cjvfvdasx-k9s-0.51.0",
              "default": true
            }
          ],
          "store_path": "/nix/store/6mgqv0i5qvxbdnl3a4fmr30cjvfvdasx-k9s-0.51.0"
        },
        "x86_64-darwin": {
          "outputs": [
            {
              "name": "out",
              "path": "/nix/store/b8x9cy329sqgznfv0im37nddbsphjx2m-k9s-0.51.0",
              "default": true
            }
          ],
          "store_path": "/nix/store/b8x9cy329sqgznfv0im37nddbsphjx2m-k9s-0.51.0"
        },
        "x86_64-linux": {
          "outputs": [
            {
              "name": "out",
              "path": "/nix/store/4y38k56lxqb7qfkiv02l6njl48pgrns1-k9s-0.51.0",
              "default": true
            }
          ],
          "store_path": "/nix/store/4y38k56lxqb7qfkiv02l6njl48pgrns1-k9s-0.51.0"
        }
      }
    },
    "kubectl@latest": {
      "last_modified": "2026-08-27T07:16:00Z",
      "resolved": "github:NixOS/nixpkgs/c27cdad491a991b11ed731760aa2ef8db0cb0410#kubectl",
      "source": "devbox-search",
      "version": "1.36.3",
      "systems": {
        "aarch64-darwin": {
          "outputs": [
            {
              "name": "out",
              "path": "/nix/store/4ly3f60sf2y8lx4ad4nlv4d4xzm49cai-kubectl-1.36.3",
              "default": true
            },
            {
              "name": "man",
              "path": "/nix/store/j4lcjil024kv6xli1y03whn4rv1x1ifv-kubectl-1.36.3-man",
              "default": true
            },
            {
              "name": "convert",
              "path": "/nix/store/rq7cbnikbk7khmqczsglknfhfgykwkbf-kubectl-1.36.3-convert"
            }
          ],
          "store_path": "/nix/store/4ly3f60sf2y8lx4ad4nlv4d4xzm49cai-kubectl-1.36.3"
        },
        "aarch64-linux": {
          "outputs": [
            {
              "name": "out",
              "path": "/nix/store/pxr2n9hcw5r5c9pbyqhangbwvc3yv8yw-kubectl-1.36.3",
              "default": true
            },
            {
              "name": "man",
              "path": "/nix/store/n9ya3i139xw7jcb3x44b1lmwswilfwxk-kubectl-1.36.3-man",
              "default": true
            },
            {
              "name": "convert",
              "path": "/nix/store/6xj3wx8zkh4nj0dfg14v6cmbpaxqrzz7-kubectl-1.36.3-convert"
            }
          ],
          "store_path": "/nix/store/pxr2n9hcw5r5c9pbyqhangbwvc3yv8yw-kubectl-1.36.3"
        },
        "x86_64-linux": {
          "outputs": [
            {
              "name": "out",
              "path": "/nix/store/s28gqkd497rb4bvm56w72jyarqgmhlzz-kubectl-1.36.3",
              "default": true
            },
            {
              "name": "man",
              "path": "/nix/store/kxhnlzm663cpz4pbd7wkq4n73578ak4z-kubectl-1.36.3-man",
              "default": true
            },
            {
              "name": "convert",
              "path": "/nix/store/szx0vjljdh6rp8nxwdnpkz7g4fvvnk9h-kubectl-1.36.3-convert"
            }
          ],
          "store_path": "/nix/store/s28gqkd497rb4bvm56w72jyarqgmhlzz-kubectl-1.36.3"
        }
      }
    },
    "kubectx@latest": {
      "last_modified": "2026-08-27T07:16:00Z",
      "resolved": "github:NixOS/nixpkgs/c27cdad491a991b11ed731760aa2ef8db0cb0410#kubectx",
      "source": "devbox-search",
      "version": "0.11.0",
      "systems": {
        "aarch64-darwin": {
          "outputs": [
            {
              "name": "out",
              "path": "/nix/store/0m7iahqbzighj37a54byz5f73mqcbyhd-kubectx-0.11.0",
              "default": true
            }
          ],
          "store_path": "/nix/store/0m7iahqbzighj37a54byz5f73mqcbyhd-kubectx-0.11.0"
        },
        "aarch64-linux": {
          "outputs": [
            {
              "name": "out",
              "path": "/nix/store/kj25jrfiqd78vs7n19p28s3x3k25jsw8-kubectx-0.11.0",
              "default": true
            }
          ],
          "store_path": "/nix/store/kj25jrfiqd78vs7n19p28s3x3k25jsw8-kubectx-0.11.0"
        },
        "x86_64-darwin": {
          "outputs": [
            {
              "name": "out",
              "path": "/nix/store/irkyq7h6ms0d55knfpxidvnzn4c48cli-kubectx-0.11.0",
              "default": true
            }
          ],
          "store_path": "/nix/store/irkyq7h6ms0d55knfpxidvnzn4c48cli-kubectx-0.11.0"
        },
        "x86_64-linux": {
          "outputs": [
            {
              "name": "out",
              "path": "/nix/store/sbzvx2kga8q2li546r20rsjv01id0zlh-kubectx-0.11.0",
              "default": true
            }
          ],
          "store_path": "/nix/store/sbzvx2kga8q2li546r20rsjv01id0zlh-kubectx-0.11.0"
        }
      }
    },
    "kubelogin-oidc@latest": {
      "last_modified": "2026-08-27T07:16:00Z",
      "resolved": "github:NixOS/nixpkgs/c27cdad491a991b11ed731760aa2ef8db0cb0410#kubelogin-oidc",
      "source": "devbox-search",
      "version": "1.36.3",
      "systems": {
        "aarch64-darwin": {
          "outputs": [
            {
              "name": "out",
              "path": "/nix/store/9y6qqmmh74c8f67f701di84vdvps327v-kubelogin-1.36.3",
              "default": true
            }
          ],
          "store_path": "/nix/store/9y6qqmmh74c8f67f701di84vdvps327v-kubelogin-1.36.3"
        },
        "aarch64-linux": {
          "outputs": [
            {
              "name": "out",
              "path": "/nix/store/v4pad6aacsj0kl18sjrfbiizd78hn0wi-kubelogin-1.36.3",
              "default": true
            }
          ],
          "store_path": "/nix/store/v4pad6aacsj0kl18sjrfbiizd78hn0wi-kubelogin-1.36.3"
        },
        "x86_64-linux": {
          "outputs": [
            {
              "name": "out",
              "path": "/nix/store/0y76lx0ggpygxa7wygs7i2vs5844an6y-kubelogin-1.36.3",
              "default": true
            }
          ],
          "store_path": "/nix/store/0y76lx0ggpygxa7wygs7i2vs5844an6y-kubelogin-1.36.3"
        }
      }
    },
    "kubent@latest": {
      "last_modified": "2026-08-27T07:16:00Z",
      "resolved": "github:NixOS/nixpkgs/c27cdad491a991b11ed731760aa2ef8db0cb0410#kubent",
      "source": "devbox-search",
      "version": "0.7.3",
      "systems": {
        "aarch64-darwin": {
          "outputs": [
            {
              "name": "out",
              "path": "/nix/store/xzyr9jcl10hpwygiv41lyly2rhq9b9hz-kubent-0.7.3",
              "default": true
            }
          ],
          "store_path": "/nix/store/xzyr9jcl10hpwygiv41lyly2rhq9b9hz-kubent-0.7.3"
        },
        "aarch64-linux": {
          "outputs": [
            {
              "name": "out",
              "path": "/nix/store/8lvr7za7q7z4554df2044a9asvggfc51-kubent-0.7.3",
              "default": true
            }
          ],
          "store_path": "/nix/store/8lvr7za7q7z4554df2044a9asvggfc51-kubent-0.7.3"
        },
        "x86_64-darwin": {
          "outputs": [
            {
              "name": "out",
              "path": "/nix/store/msgnfm0grg8pld2jd127kmy63i7rfzd7-kubent-0.7.3",
              "default": true
            }
          ],
          "store_path": "/nix/store/msgnfm0grg8pld2jd127kmy63i7rfzd7-kubent-0.7.3"
        },
        "x86_64-linux": {
          "outputs": [
            {
              "name": "out",
              "path": "/nix/store/1anlmgca8cgd3vnx72vs97w49c1jgl7w-kubent-0.7.3",
              "default": true
            }
          ],
          "store_path": "/nix/store/1anlmgca8cgd3vnx72vs97w49c1jgl7w-kubent-0.7.3"
        }
      }
    },
    "kubernetes-helm@latest": {
      "last_modified": "2026-08-27T07:16:00Z",
      "resolved": "github:NixOS/nixpkgs/c27cdad491a991b11ed731760aa2ef8db0cb0410#kubernetes-helm",
      "source": "devbox-search",
      "version": "4.2.4",
      "systems": {
        "aarch64-darwin": {
          "outputs": [
            {
              "name": "out",
              "path": "/nix/store/0dx0lbafknwvz74r6kkxdpzyz47ybgzl-kubernetes-helm-4.2.4",
              "default": true
            }
          ],
          "store_path": "/nix/store/0dx0lbafknwvz74r6kkxdpzyz47ybgzl-kubernetes-helm-4.2.4"
        },
        "aarch64-linux": {
          "outputs": [
            {
              "name": "out",
              "path": "/nix/store/rnnqs3a5ccijfrc9zwkjvlr6k7l14mrx-kubernetes-helm-4.2.4",
              "default": true
            }
          ],
          "store_path": "/nix/store/rnnqs3a5ccijfrc9zwkjvlr6k7l14mrx-kubernetes-helm-4.2.4"
        },
        "x86_64-linux": {
          "outputs": [
            {
              "name": "out",
              "path": "/nix/store/1z33qhx89k48gj7d0g25qd0k9h0zhm8v-kubernetes-helm-4.2.4",
              "default": true
            }
          ],
          "store_path": "/nix/store/1z33qhx89k48gj7d0g25qd0k9h0zhm8v-kubernetes-helm-4.2.4"
        }
      }
    },
    "kubeseal@latest": {
      "last_modified": "2026-08-27T07:16:00Z",
      "resolved": "github:NixOS/nixpkgs/c27cdad491a991b11ed731760aa2ef8db0cb0410#kubeseal",
      "source": "devbox-search",
      "version": "0.38.4",
      "systems": {
        "aarch64-darwin": {
          "outputs": [
            {
              "name": "out",
              "path": "/nix/store/vlf8nh0lhlp8w7nlkcq85zrk27hcb3l3-kubeseal-0.38.4",
              "default": true
            }
          ],
          "store_path": "/nix/store/vlf8nh0lhlp8w7nlkcq85zrk27hcb3l3-kubeseal-0.38.4"
        },
        "aarch64-linux": {
          "outputs": [
            {
              "name": "out",
              "path": "/nix/store/f8y459rcygz86syh1sc8mh81n3rn4fq2-kubeseal-0.38.4",
              "default": true
            }
          ],
          "store_path": "/nix/store/f8y459rcygz86syh1sc8mh81n3rn4fq2-kubeseal-0.38.4"
        },
        "x86_64-linux": {
          "outputs": [
            {
              "name": "out",
              "path": "/nix/store/v0hlipakc49zd3g407p60igbmdfmnpf7-kubeseal-0.38.4",
              "default": true
            }
          ],
          "store_path": "/nix/store/v0hlipakc49zd3g407p60igbmdfmnpf7-kubeseal-0.38.4"
        }
      }
    },
    "kustomize@latest": {
      "last_modified": "2026-08-27T07:16:00Z",
      "resolved": "github:NixOS/nixpkgs/c27cdad491a991b11ed731760aa2ef8db0cb0410#kustomize",
      "source": "devbox-search",
      "version": "5.8.1",
      "systems": {
        "aarch64-darwin": {
          "outputs": [
            {
              "name": "out",
              "path": "/nix/store/xasxmm4hzrvb0m7ywc6fqvfh283914fq-kustomize-5.8.1",
              "default": true
            }
          ],
          "store_path": "/nix/store/xasxmm4hzrvb0m7ywc6fqvfh283914fq-kustomize-5.8.1"
        },
        "aarch64-linux": {
          "outputs": [
            {
              "name": "out",
              "path": "/nix/store/ks3x95mpnwb4s96m7qqi5nm7nv2z5qam-kustomize-5.8.1",
              "default": true
            }
          ],
          "store_path": "/nix/store/ks3x95mpnwb4s96m7qqi5nm7nv2z5qam-kustomize-5.8.1"
        },
        "x86_64-darwin": {
          "outputs": [
            {
              "name": "out",
              "path": "/nix/store/7hx9cv1yxfd01k33aaxay05a8pzm3gja-kustomize-5.8.1",
              "default": true
            }
          ],
          "store_path": "/nix/store/7hx9cv1yxfd01k33aaxay05a8pzm3gja-kustomize-5.8.1"
        },
        "x86_64-linux": {
          "outputs": [
            {
              "name": "out",
              "path": "/nix/store/fj2l9vlrs30xp2jn5imh0c8vn05pb75c-kustomize-5.8.1",
              "default": true
            }
          ],
          "store_path": "/nix/store/fj2l9vlrs30xp2jn5imh0c8vn05pb75c-kustomize-5.8.1"
        }
      }
    },
    "mkpasswd@latest": {
      "last_modified": "2026-08-27T07:16:00Z",
      "resolved": "github:NixOS/nixpkgs/c27cdad491a991b11ed731760aa2ef8db0cb0410#mkpasswd",
      "source": "devbox-search",
      "version": "5.6.6",
      "systems": {
        "aarch64-darwin": {
          "outputs": [
            {
              "name": "out",
              "path": "/nix/store/inr7jv7v6h4bplhgm5rxlnzkx1m8kxjn-mkpasswd-5.6.6",
              "default": true
            },
            {
              "name": "man",
              "path": "/nix/store/9ijibf3z3yqvhv7w4af9sdwd36jnkrz5-mkpasswd-5.6.6-man",
              "default": true
            }
          ],
          "store_path": "/nix/store/inr7jv7v6h4bplhgm5rxlnzkx1m8kxjn-mkpasswd-5.6.6"
        },
        "aarch64-linux": {
          "outputs": [
            {
              "name": "out",
              "path": "/nix/store/69414pyw4v8yky23x8dznq57p9hbwikv-mkpasswd-5.6.6",
              "default": true
            },
            {
              "name": "man",
              "path": "/nix/store/jyji4cl2z12rqcsra07lpxc97a6yzf4q-mkpasswd-5.6.6-man",
              "default": true
            }
          ],
          "store_path": "/nix/store/69414pyw4v8yky23x8dznq57p9hbwikv-mkpasswd-5.6.6"
        },
        "x86_64-darwin": {
          "outputs": [
            {
              "name": "out",
              "path": "/nix/store/vigng4z96600yz1bdsjh5i4yh2bi2hx2-mkpasswd-5.6.6",
              "default": true
            },
            {
              "name": "man",
              "path": "/nix/store/afjap590i0blp8xkpmb0hix8k99wpkrs-mkpasswd-5.6.6-man",
              "default": true
            }
          ],
          "store_path": "/nix/store/vigng4z96600yz1bdsjh5i4yh2bi2hx2-mkpasswd-5.6.6"
        },
        "x86_64-linux": {
          "outputs": [
            {
              "name": "out",
              "path": "/nix/store/2ywzspzaw0zp1xilawyphw6pk049ai4s-mkpasswd-5.6.6",
              "default": true
            },
            {
              "name": "man",
              "path": "/nix/store/9vsp0ax73jz0zwl5rlvj58k5d7plkrs5-mkpasswd-5.6.6-man",
              "default": true
            }
          ],
          "store_path": "/nix/store/2ywzspzaw0zp1xilawyphw6pk049ai4s-mkpasswd-5.6.6"
        }
      }
    },
    "opentofu@latest": {
      "last_modified": "2026-08-27T07:16:00Z",
      "resolved": "github:NixOS/nixpkgs/c27cdad491a991b11ed731760aa2ef8db0cb0410#opentofu",
      "source": "devbox-search",
      "version": "1.12.5",
      "systems": {
        "aarch64-darwin": {
          "outputs": [
            {
              "name": "out",
              "path": "/nix/store/wyjxz9lkbh6ymr92psp2shv9ayx8qm2y-opentofu-1.12.5",
              "default": true
            }
          ],
          "store_path": "/nix/store/wyjxz9lkbh6ymr92psp2shv9ayx8qm2y-opentofu-1.12.5"
        },
        "aarch64-linux": {
          "outputs": [
            {
              "name": "out",
              "path": "/nix/store/rvgf26p7s59aappi8avad3f23f00ng6q-opentofu-1.12.5",
              "default": true
            }
          ],
          "store_path": "/nix/store/rvgf26p7s59aappi8avad3f23f00ng6q-opentofu-1.12.5"
        },
        "x86_64-linux": {
          "outputs": [
            {
              "name": "out",
              "path": "/nix/store/3vfknp36ylb6vij6vd631myh9kc9kkmh-opentofu-1.12.5",
              "default": true
            }
          ],
          "store_path": "/nix/store/3vfknp36ylb6vij6vd631myh9kc9kkmh-opentofu-1.12.5"
        }
      }
    },
    "talhelper@latest": {
      "last_modified": "2026-08-27T07:16:00Z",
      "resolved": "github:NixOS/nixpkgs/c27cdad491a991b11ed731760aa2ef8db0cb0410#talhelper",
      "source": "devbox-search",
      "version": "3.1.17",
      "systems": {
        "aarch64-darwin": {
          "outputs": [
            {
              "name": "out",
              "path": "/nix/store/1xx173m312nsxsmzk6qlqy7aix76ysfg-talhelper-3.1.17",
              "default": true
            }
          ],
          "store_path": "/nix/store/1xx173m312nsxsmzk6qlqy7aix76ysfg-talhelper-3.1.17"
        },
        "aarch64-linux": {
          "outputs": [
            {
              "name": "out",
              "path": "/nix/store/cg5mdkbm90gdgp21r4w8b4wh8iy79nql-talhelper-3.1.17",
              "default": true
            }
          ],
          "store_path": "/nix/store/cg5mdkbm90gdgp21r4w8b4wh8iy79nql-talhelper-3.1.17"
        },
        "x86_64-linux": {
          "outputs": [
            {
              "name": "out",
              "path": "/nix/store/jzpnaamjp1ahhiskqzn3py88qlhp7m1j-talhelper-3.1.17",
              "default": true
            }
          ],
          "store_path": "/nix/store/jzpnaamjp1ahhiskqzn3py88qlhp7m1j-talhelper-3.1.17"
        }
      }
    },
    "talosctl@latest": {
      "last_modified": "2026-08-27T07:16:00Z",
      "resolved": "github:NixOS/nixpkgs/c27cdad491a991b11ed731760aa2ef8db0cb0410#talosctl",
      "source": "devbox-search",
      "version": "1.13.8",
      "systems": {
        "aarch64-darwin": {
          "outputs": [
            {
              "name": "out",
              "path": "/nix/store/57n75x36mxam3vhblz4fq3ls8xmkwsy9-talosctl-1.13.8",
              "default": true
            }
          ],
          "store_path": "/nix/store/57n75x36mxam3vhblz4fq3ls8xmkwsy9-talosctl-1.13.8"
        },
        "aarch64-linux": {
          "outputs": [
            {
              "name": "out",
              "path": "/nix/store/iabz7nv9wvrgdfwy1nx6k6as6f8m5whk-talosctl-1.13.8",
              "default": true
            }
          ],
          "store_path": "/nix/store/iabz7nv9wvrgdfwy1nx6k6as6f8m5whk-talosctl-1.13.8"
        },
        "x86_64-linux": {
          "outputs": [
            {
              "name": "out",
              "path": "/nix/store/fwz4d5ljdrd02aqlkb61l9664j94byma-talosctl-1.13.8",
              "default": true
            }
          ],
          "store_path": "/nix/store/fwz4d5ljdrd02aqlkb61l9664j94byma-talosctl-1.13.8"
        }
      }
    },
    "yq-go@latest": {
      "last_modified": "2026-08-27T07:16:00Z",
      "resolved": "github:NixOS/nixpkgs/c27cdad491a991b11ed731760aa2ef8db0cb0410#yq-go",
      "source": "devbox-search",
      "version": "4.53.3",
      "systems": {
        "aarch64-darwin": {
          "outputs": [
            {
              "name": "out",
              "path": "/nix/store/ivxf4jhgfbyvb90qd7c58g5hm37k2pbr-yq-go-4.53.3",
              "default": true
            }
          ],
          "store_path": "/nix/store/ivxf4jhgfbyvb90qd7c58g5hm37k2pbr-yq-go-4.53.3"
        },
        "aarch64-linux": {
          "outputs": [
            {
              "name": "out",
              "path": "/nix/store/imixh3w8g9v93fa7vzgsyjfvdssyqsx1-yq-go-4.53.3",
              "default": true
            }
          ],
          "store_path": "/nix/store/imixh3w8g9v93fa7vzgsyjfvdssyqsx1-yq-go-4.53.3"
        },
        "x86_64-darwin": {
          "outputs": [
            {
              "name": "out",
              "path": "/nix/store/agf9fyr053m3092vsmh6vih3apz0kw05-yq-go-4.53.3",
              "default": true
            }
          ],
          "store_path": "/nix/store/agf9fyr053m3092vsmh6vih3apz0kw05-yq-go-4.53.3"
        },
        "x86_64-linux": {
          "outputs": [
            {
              "name": "out",
              "path": "/nix/store/wfppsb3smwcxr20wvw0441wlr799az6s-yq-go-4.53.3",
              "default": true
            }
          ],
          "store_path": "/nix/store/wfppsb3smwcxr20wvw0441wlr799az6s-yq-go-4.53.3"
        }
      }
    }
  }
}
