{
  "lockfile_version": "1",
  "packages": {
    "cilium-cli@latest": {
      "last_modified": "2026-08-12T11:28:58Z",
      "resolved": "github:NixOS/nixpkgs/044bfe75bfe4c7bbe043dc17b5e42ea823b84a09#cilium-cli",
      "source": "devbox-search",
      "version": "0.19.7",
      "systems": {
        "aarch64-darwin": {
          "outputs": [
            {
              "name": "out",
              "path": "/nix/store/0yy2zhrwp1wf69i3xhj8l8bcdrzz62i6-cilium-cli-0.19.7",
              "default": true
            }
          ],
          "store_path": "/nix/store/0yy2zhrwp1wf69i3xhj8l8bcdrzz62i6-cilium-cli-0.19.7"
        },
        "aarch64-linux": {
          "outputs": [
            {
              "name": "out",
              "path": "/nix/store/mfj2ym0096n73x7fx4pdrk2wxagdjxwm-cilium-cli-0.19.7",
              "default": true
            }
          ],
          "store_path": "/nix/store/mfj2ym0096n73x7fx4pdrk2wxagdjxwm-cilium-cli-0.19.7"
        },
        "x86_64-linux": {
          "outputs": [
            {
              "name": "out",
              "path": "/nix/store/ad229c7pv17iyfhy9pfixyfh49ax9prj-cilium-cli-0.19.7",
              "default": true
            }
          ],
          "store_path": "/nix/store/ad229c7pv17iyfhy9pfixyfh49ax9prj-cilium-cli-0.19.7"
        }
      }
    },
    "github:NixOS/nixpkgs/nixpkgs-unstable": {
      "last_modified": "2026-08-27T23:47:58Z",
      "resolved": "github:NixOS/nixpkgs/7d1a7c21a4c00ea653fc7ed5c083d261340f185f?lastModified=1787874478&narHash=sha256-ubWQiwkhIql%2FlYwnfK55yKHfAkTBXie2L4iChGNHfI0%3D"
    },
    "jq@latest": {
      "last_modified": "2026-08-25T04:16:28Z",
      "resolved": "github:NixOS/nixpkgs/ac6b2166e7a9375683b8e98f860f273222337b16#jq",
      "source": "devbox-search",
      "version": "1.8.2",
      "systems": {
        "aarch64-darwin": {
          "outputs": [
            {
              "name": "bin",
              "path": "/nix/store/0rh3h4zp6zfpyrprc5nhv8fr6fimif20-jq-1.8.2-bin",
              "default": true
            },
            {
              "name": "man",
              "path": "/nix/store/mvjwlxlr8jjy0qk6hhbiz7sc4c34qbyp-jq-1.8.2-man",
              "default": true
            },
            {
              "name": "out",
              "path": "/nix/store/kn0zwf9xffzj4j9rf2iw8zqqgp5r81pa-jq-1.8.2"
            },
            {
              "name": "dev",
              "path": "/nix/store/n9k1113nhr98lj127dybfjc47ywvwkzq-jq-1.8.2-dev"
            },
            {
              "name": "doc",
              "path": "/nix/store/c2mfv51inycd1m1h23wrq0xrmqma1n01-jq-1.8.2-doc"
            }
          ],
          "store_path": "/nix/store/0rh3h4zp6zfpyrprc5nhv8fr6fimif20-jq-1.8.2-bin"
        },
        "aarch64-linux": {
          "outputs": [
            {
              "name": "bin",
              "path": "/nix/store/idak61zxiv384i26xpk1rgq17bwfpk74-jq-1.8.2-bin",
              "default": true
            },
            {
              "name": "man",
              "path": "/nix/store/xha52gqb3ghchsgzff2ivn4vzndf1ap9-jq-1.8.2-man",
              "default": true
            },
            {
              "name": "dev",
              "path": "/nix/store/r9zn83ni06rdzkns9rya2ajvasvjwg14-jq-1.8.2-dev"
            },
            {
              "name": "doc",
              "path": "/nix/store/i31dp26h347cnzh3bj6spay6kydgg0vp-jq-1.8.2-doc"
            },
            {
              "name": "out",
              "path": "/nix/store/p6gmwpax6i1pbvcpqxg51swl5zn6lrrw-jq-1.8.2"
            }
          ],
          "store_path": "/nix/store/idak61zxiv384i26xpk1rgq17bwfpk74-jq-1.8.2-bin"
        },
        "x86_64-linux": {
          "outputs": [
            {
              "name": "bin",
              "path": "/nix/store/25pcd19xk5ff8ybjslsips4g7yv06fxl-jq-1.8.2-bin",
              "default": true
            },
            {
              "name": "man",
              "path": "/nix/store/azzak4596lzn8kc48pij8kdjn0b2pwnx-jq-1.8.2-man",
              "default": true
            },
            {
              "name": "dev",
              "path": "/nix/store/l9wkilihbd6xg5f7dmwzyxjlmaly45ib-jq-1.8.2-dev"
            },
            {
              "name": "doc",
              "path": "/nix/store/78aafabrskd5il1l06lhbqi7jzd8pknh-jq-1.8.2-doc"
            },
            {
              "name": "out",
              "path": "/nix/store/rj3zms0wpcp1q5vcbin93w3jyg2rdj84-jq-1.8.2"
            }
          ],
          "store_path": "/nix/store/25pcd19xk5ff8ybjslsips4g7yv06fxl-jq-1.8.2-bin"
        }
      }
    },
    "k9s@latest": {
      "last_modified": "2026-08-12T11:28:58Z",
      "resolved": "github:NixOS/nixpkgs/044bfe75bfe4c7bbe043dc17b5e42ea823b84a09#k9s",
      "source": "devbox-search",
      "version": "0.51.0",
      "systems": {
        "aarch64-darwin": {
          "outputs": [
            {
              "name": "out",
              "path": "/nix/store/pipv7x1mlvqvykmnm9cybwkxrcv404vr-k9s-0.51.0",
              "default": true
            }
          ],
          "store_path": "/nix/store/pipv7x1mlvqvykmnm9cybwkxrcv404vr-k9s-0.51.0"
        },
        "aarch64-linux": {
          "outputs": [
            {
              "name": "out",
              "path": "/nix/store/dm811mz98431ix1hvlppjrv9641z34dp-k9s-0.51.0",
              "default": true
            }
          ],
          "store_path": "/nix/store/dm811mz98431ix1hvlppjrv9641z34dp-k9s-0.51.0"
        },
        "x86_64-darwin": {
          "outputs": [
            {
              "name": "out",
              "path": "/nix/store/b8x9cy329sqgznfv0im37nddbsphjx2m-k9s-0.51.0",
              "default": true
            }
          ],
          "store_path": "/nix/store/b8x9cy329sqgznfv0im37nddbsphjx2m-k9s-0.51.0"
        },
        "x86_64-linux": {
          "outputs": [
            {
              "name": "out",
              "path": "/nix/store/3jpc3rsd7scf2glh6lsda20l85jzfxdg-k9s-0.51.0",
              "default": true
            }
          ],
          "store_path": "/nix/store/3jpc3rsd7scf2glh6lsda20l85jzfxdg-k9s-0.51.0"
        }
      }
    },
    "kubectl@latest": {
      "last_modified": "2026-08-12T11:28:58Z",
      "resolved": "github:NixOS/nixpkgs/044bfe75bfe4c7bbe043dc17b5e42ea823b84a09#kubectl",
      "source": "devbox-search",
      "version": "1.36.3",
      "systems": {
        "aarch64-darwin": {
          "outputs": [
            {
              "name": "out",
              "path": "/nix/store/f2dn3sm4xhh3f44gni94dwqascvd7y1s-kubectl-1.36.3",
              "default": true
            },
            {
              "name": "man",
              "path": "/nix/store/zkbnrd4981plxx1dpgxzdybbv373b0w6-kubectl-1.36.3-man",
              "default": true
            },
            {
              "name": "convert",
              "path": "/nix/store/ya2y46xjl192r4jwq7y8d7djwifln25l-kubectl-1.36.3-convert"
            }
          ],
          "store_path": "/nix/store/f2dn3sm4xhh3f44gni94dwqascvd7y1s-kubectl-1.36.3"
        },
        "aarch64-linux": {
          "outputs": [
            {
              "name": "out",
              "path": "/nix/store/mwrypgbd1idjcnxrfmgif82zv06khnm6-kubectl-1.36.3",
              "default": true
            },
            {
              "name": "man",
              "path": "/nix/store/lxv9yji4ba7h4al0kvrnyh8nq28gkda0-kubectl-1.36.3-man",
              "default": true
            },
            {
              "name": "convert",
              "path": "/nix/store/24md48z9majyrscs3ggdqzlgsh43ccbk-kubectl-1.36.3-convert"
            }
          ],
          "store_path": "/nix/store/mwrypgbd1idjcnxrfmgif82zv06khnm6-kubectl-1.36.3"
        },
        "x86_64-linux": {
          "outputs": [
            {
              "name": "out",
              "path": "/nix/store/87yqi8l6g2387fjhsvrhwaxggvjychq0-kubectl-1.36.3",
              "default": true
            },
            {
              "name": "man",
              "path": "/nix/store/f6gwa9fpd9b3qvpadfsj4gpz3f6xwgsl-kubectl-1.36.3-man",
              "default": true
            },
            {
              "name": "convert",
              "path": "/nix/store/wrjbqm4adrd2hz2bncnc417mgfa46nbc-kubectl-1.36.3-convert"
            }
          ],
          "store_path": "/nix/store/87yqi8l6g2387fjhsvrhwaxggvjychq0-kubectl-1.36.3"
        }
      }
    },
    "kubectx@latest": {
      "last_modified": "2026-08-12T11:28:58Z",
      "resolved": "github:NixOS/nixpkgs/044bfe75bfe4c7bbe043dc17b5e42ea823b84a09#kubectx",
      "source": "devbox-search",
      "version": "0.11.0",
      "systems": {
        "aarch64-darwin": {
          "outputs": [
            {
              "name": "out",
              "path": "/nix/store/36mhrybjgf4kd9rkgnrgpmk75a1qmzbl-kubectx-0.11.0",
              "default": true
            }
          ],
          "store_path": "/nix/store/36mhrybjgf4kd9rkgnrgpmk75a1qmzbl-kubectx-0.11.0"
        },
        "aarch64-linux": {
          "outputs": [
            {
              "name": "out",
              "path": "/nix/store/azyp7pq8zz7wnpjk57l2s3qc89s82dh4-kubectx-0.11.0",
              "default": true
            }
          ],
          "store_path": "/nix/store/azyp7pq8zz7wnpjk57l2s3qc89s82dh4-kubectx-0.11.0"
        },
        "x86_64-darwin": {
          "outputs": [
            {
              "name": "out",
              "path": "/nix/store/irkyq7h6ms0d55knfpxidvnzn4c48cli-kubectx-0.11.0",
              "default": true
            }
          ],
          "store_path": "/nix/store/irkyq7h6ms0d55knfpxidvnzn4c48cli-kubectx-0.11.0"
        },
        "x86_64-linux": {
          "outputs": [
            {
              "name": "out",
              "path": "/nix/store/wgmw9fhr76c7kxmagm3ndprlgnbcr9ib-kubectx-0.11.0",
              "default": true
            }
          ],
          "store_path": "/nix/store/wgmw9fhr76c7kxmagm3ndprlgnbcr9ib-kubectx-0.11.0"
        }
      }
    },
    "kubelogin-oidc@latest": {
      "last_modified": "2026-08-12T11:28:58Z",
      "resolved": "github:NixOS/nixpkgs/044bfe75bfe4c7bbe043dc17b5e42ea823b84a09#kubelogin-oidc",
      "source": "devbox-search",
      "version": "1.36.3",
      "systems": {
        "aarch64-darwin": {
          "outputs": [
            {
              "name": "out",
              "path": "/nix/store/r7al9mg3s1c07zncx5h4rymk40spdvj9-kubelogin-1.36.3",
              "default": true
            }
          ],
          "store_path": "/nix/store/r7al9mg3s1c07zncx5h4rymk40spdvj9-kubelogin-1.36.3"
        },
        "aarch64-linux": {
          "outputs": [
            {
              "name": "out",
              "path": "/nix/store/1ma2sv823x0miyw6rd1dmffjsb9zz41x-kubelogin-1.36.3",
              "default": true
            }
          ],
          "store_path": "/nix/store/1ma2sv823x0miyw6rd1dmffjsb9zz41x-kubelogin-1.36.3"
        },
        "x86_64-linux": {
          "outputs": [
            {
              "name": "out",
              "path": "/nix/store/2qr3pfbfyxjpj469ry805imbbcg2kbla-kubelogin-1.36.3",
              "default": true
            }
          ],
          "store_path": "/nix/store/2qr3pfbfyxjpj469ry805imbbcg2kbla-kubelogin-1.36.3"
        }
      }
    },
    "kubent@latest": {
      "last_modified": "2026-08-12T11:28:58Z",
      "resolved": "github:NixOS/nixpkgs/044bfe75bfe4c7bbe043dc17b5e42ea823b84a09#kubent",
      "source": "devbox-search",
      "version": "0.7.3",
      "systems": {
        "aarch64-darwin": {
          "outputs": [
            {
              "name": "out",
              "path": "/nix/store/pyayvbvzhcp7qpbxj77lx0g14ri6ffyp-kubent-0.7.3",
              "default": true
            }
          ],
          "store_path": "/nix/store/pyayvbvzhcp7qpbxj77lx0g14ri6ffyp-kubent-0.7.3"
        },
        "aarch64-linux": {
          "outputs": [
            {
              "name": "out",
              "path": "/nix/store/zdx3c6pli6ywfs9p6660pf9cp4x342ld-kubent-0.7.3",
              "default": true
            }
          ],
          "store_path": "/nix/store/zdx3c6pli6ywfs9p6660pf9cp4x342ld-kubent-0.7.3"
        },
        "x86_64-darwin": {
          "outputs": [
            {
              "name": "out",
              "path": "/nix/store/msgnfm0grg8pld2jd127kmy63i7rfzd7-kubent-0.7.3",
              "default": true
            }
          ],
          "store_path": "/nix/store/msgnfm0grg8pld2jd127kmy63i7rfzd7-kubent-0.7.3"
        },
        "x86_64-linux": {
          "outputs": [
            {
              "name": "out",
              "path": "/nix/store/198aj5a98msixm79idd8rl434gxw9djl-kubent-0.7.3",
              "default": true
            }
          ],
          "store_path": "/nix/store/198aj5a98msixm79idd8rl434gxw9djl-kubent-0.7.3"
        }
      }
    },
    "kubernetes-helm@latest": {
      "last_modified": "2026-08-14T06:48:10Z",
      "resolved": "github:NixOS/nixpkgs/f2b17eb1b90f6a359082035b4538d4c63017aec3#kubernetes-helm",
      "source": "devbox-search",
      "version": "4.2.4",
      "systems": {
        "aarch64-darwin": {
          "outputs": [
            {
              "name": "out",
              "path": "/nix/store/zzbd5kzhdq4xh99ykhmsk9gdr3sgsdv4-kubernetes-helm-4.2.4",
              "default": true
            }
          ],
          "store_path": "/nix/store/zzbd5kzhdq4xh99ykhmsk9gdr3sgsdv4-kubernetes-helm-4.2.4"
        },
        "aarch64-linux": {
          "outputs": [
            {
              "name": "out",
              "path": "/nix/store/m15s22fr1c74qc24bqsi14zmvmh3wa02-kubernetes-helm-4.2.4",
              "default": true
            }
          ],
          "store_path": "/nix/store/m15s22fr1c74qc24bqsi14zmvmh3wa02-kubernetes-helm-4.2.4"
        },
        "x86_64-linux": {
          "outputs": [
            {
              "name": "out",
              "path": "/nix/store/g48g9scy4mz49kwjsy0fb9kkbspvkcfi-kubernetes-helm-4.2.4",
              "default": true
            }
          ],
          "store_path": "/nix/store/g48g9scy4mz49kwjsy0fb9kkbspvkcfi-kubernetes-helm-4.2.4"
        }
      }
    },
    "kubeseal@latest": {
      "last_modified": "2026-08-16T22:25:34Z",
      "resolved": "github:NixOS/nixpkgs/21e032ff95225fb81164a2b2b696c5f6841fcb62#kubeseal",
      "source": "devbox-search",
      "version": "0.38.4",
      "systems": {
        "aarch64-darwin": {
          "outputs": [
            {
              "name": "out",
              "path": "/nix/store/r07wxz6na1y8iwzwj4vlxyxdkcf93cyj-kubeseal-0.38.4",
              "default": true
            }
          ],
          "store_path": "/nix/store/r07wxz6na1y8iwzwj4vlxyxdkcf93cyj-kubeseal-0.38.4"
        },
        "aarch64-linux": {
          "outputs": [
            {
              "name": "out",
              "path": "/nix/store/lgykb011m3brk6pw39p2djrkjdxgk3wl-kubeseal-0.38.4",
              "default": true
            }
          ],
          "store_path": "/nix/store/lgykb011m3brk6pw39p2djrkjdxgk3wl-kubeseal-0.38.4"
        },
        "x86_64-linux": {
          "outputs": [
            {
              "name": "out",
              "path": "/nix/store/r87b7rn1rj7z1f0dr77p0vd9wwlg3bmm-kubeseal-0.38.4",
              "default": true
            }
          ],
          "store_path": "/nix/store/r87b7rn1rj7z1f0dr77p0vd9wwlg3bmm-kubeseal-0.38.4"
        }
      }
    },
    "kustomize@latest": {
      "last_modified": "2026-08-12T11:28:58Z",
      "resolved": "github:NixOS/nixpkgs/044bfe75bfe4c7bbe043dc17b5e42ea823b84a09#kustomize",
      "source": "devbox-search",
      "version": "5.8.1",
      "systems": {
        "aarch64-darwin": {
          "outputs": [
            {
              "name": "out",
              "path": "/nix/store/wfxgyczajr2wf1fpa8vfk9v85w7v6324-kustomize-5.8.1",
              "default": true
            }
          ],
          "store_path": "/nix/store/wfxgyczajr2wf1fpa8vfk9v85w7v6324-kustomize-5.8.1"
        },
        "aarch64-linux": {
          "outputs": [
            {
              "name": "out",
              "path": "/nix/store/9izp11rszjy775fmi3d64s02fnbf4fw3-kustomize-5.8.1",
              "default": true
            }
          ],
          "store_path": "/nix/store/9izp11rszjy775fmi3d64s02fnbf4fw3-kustomize-5.8.1"
        },
        "x86_64-darwin": {
          "outputs": [
            {
              "name": "out",
              "path": "/nix/store/7hx9cv1yxfd01k33aaxay05a8pzm3gja-kustomize-5.8.1",
              "default": true
            }
          ],
          "store_path": "/nix/store/7hx9cv1yxfd01k33aaxay05a8pzm3gja-kustomize-5.8.1"
        },
        "x86_64-linux": {
          "outputs": [
            {
              "name": "out",
              "path": "/nix/store/x34jr3by8sfrmsqkbwmyjym2n27kx5mw-kustomize-5.8.1",
              "default": true
            }
          ],
          "store_path": "/nix/store/x34jr3by8sfrmsqkbwmyjym2n27kx5mw-kustomize-5.8.1"
        }
      }
    },
    "opentofu@latest": {
      "last_modified": "2026-08-12T11:28:58Z",
      "resolved": "github:NixOS/nixpkgs/044bfe75bfe4c7bbe043dc17b5e42ea823b84a09#opentofu",
      "source": "devbox-search",
      "version": "1.12.5",
      "systems": {
        "aarch64-darwin": {
          "outputs": [
            {
              "name": "out",
              "path": "/nix/store/ldwhssjz05z8qzwf2nhnqcn11qp9rbw7-opentofu-1.12.5",
              "default": true
            }
          ],
          "store_path": "/nix/store/ldwhssjz05z8qzwf2nhnqcn11qp9rbw7-opentofu-1.12.5"
        },
        "aarch64-linux": {
          "outputs": [
            {
              "name": "out",
              "path": "/nix/store/c7mig06jysmj88fg6k1hdz23hsywgg7h-opentofu-1.12.5",
              "default": true
            }
          ],
          "store_path": "/nix/store/c7mig06jysmj88fg6k1hdz23hsywgg7h-opentofu-1.12.5"
        },
        "x86_64-linux": {
          "outputs": [
            {
              "name": "out",
              "path": "/nix/store/v8n4x020rdfr57a0s3xdq46a3mdd5bk7-opentofu-1.12.5",
              "default": true
            }
          ],
          "store_path": "/nix/store/v8n4x020rdfr57a0s3xdq46a3mdd5bk7-opentofu-1.12.5"
        }
      }
    },
    "talhelper@latest": {
      "last_modified": "2026-08-12T11:28:58Z",
      "resolved": "github:NixOS/nixpkgs/044bfe75bfe4c7bbe043dc17b5e42ea823b84a09#talhelper",
      "source": "devbox-search",
      "version": "3.1.16",
      "systems": {
        "aarch64-darwin": {
          "outputs": [
            {
              "name": "out",
              "path": "/nix/store/wxb7036fb0mrdjz7hj1szsvrgyi12113-talhelper-3.1.16",
              "default": true
            }
          ],
          "store_path": "/nix/store/wxb7036fb0mrdjz7hj1szsvrgyi12113-talhelper-3.1.16"
        },
        "aarch64-linux": {
          "outputs": [
            {
              "name": "out",
              "path": "/nix/store/yp6jl2bshdlyfbkv88ifc1viara0lz17-talhelper-3.1.16",
              "default": true
            }
          ],
          "store_path": "/nix/store/yp6jl2bshdlyfbkv88ifc1viara0lz17-talhelper-3.1.16"
        },
        "x86_64-linux": {
          "outputs": [
            {
              "name": "out",
              "path": "/nix/store/5y85y0mykswf6x3g6xg9x7w8a3k23gii-talhelper-3.1.16",
              "default": true
            }
          ],
          "store_path": "/nix/store/5y85y0mykswf6x3g6xg9x7w8a3k23gii-talhelper-3.1.16"
        }
      }
    },
    "talosctl@latest": {
      "last_modified": "2026-08-16T22:25:34Z",
      "resolved": "github:NixOS/nixpkgs/21e032ff95225fb81164a2b2b696c5f6841fcb62#talosctl",
      "source": "devbox-search",
      "version": "1.13.8",
      "systems": {
        "aarch64-darwin": {
          "outputs": [
            {
              "name": "out",
              "path": "/nix/store/ns5l4427zh79q98yjs1gms89mw1ffpd6-talosctl-1.13.8",
              "default": true
            }
          ],
          "store_path": "/nix/store/ns5l4427zh79q98yjs1gms89mw1ffpd6-talosctl-1.13.8"
        },
        "aarch64-linux": {
          "outputs": [
            {
              "name": "out",
              "path": "/nix/store/0cciy57yfq213b3d2xn3bffbicfav28s-talosctl-1.13.8",
              "default": true
            }
          ],
          "store_path": "/nix/store/0cciy57yfq213b3d2xn3bffbicfav28s-talosctl-1.13.8"
        },
        "x86_64-linux": {
          "outputs": [
            {
              "name": "out",
              "path": "/nix/store/rdhfxj73lcas304w0a0mxgfqgjv8013b-talosctl-1.13.8",
              "default": true
            }
          ],
          "store_path": "/nix/store/rdhfxj73lcas304w0a0mxgfqgjv8013b-talosctl-1.13.8"
        }
      }
    },
    "yq-go@latest": {
      "last_modified": "2026-08-12T11:28:58Z",
      "resolved": "github:NixOS/nixpkgs/044bfe75bfe4c7bbe043dc17b5e42ea823b84a09#yq-go",
      "source": "devbox-search",
      "version": "4.53.3",
      "systems": {
        "aarch64-darwin": {
          "outputs": [
            {
              "name": "out",
              "path": "/nix/store/36qwbqaqq83bna6dxl8gq00893yf2pzw-yq-go-4.53.3",
              "default": true
            }
          ],
          "store_path": "/nix/store/36qwbqaqq83bna6dxl8gq00893yf2pzw-yq-go-4.53.3"
        },
        "aarch64-linux": {
          "outputs": [
            {
              "name": "out",
              "path": "/nix/store/dq63h1d8cnz0536jyp2v12d2a3ksrycz-yq-go-4.53.3",
              "default": true
            }
          ],
          "store_path": "/nix/store/dq63h1d8cnz0536jyp2v12d2a3ksrycz-yq-go-4.53.3"
        },
        "x86_64-darwin": {
          "outputs": [
            {
              "name": "out",
              "path": "/nix/store/agf9fyr053m3092vsmh6vih3apz0kw05-yq-go-4.53.3",
              "default": true
            }
          ],
          "store_path": "/nix/store/agf9fyr053m3092vsmh6vih3apz0kw05-yq-go-4.53.3"
        },
        "x86_64-linux": {
          "outputs": [
            {
              "name": "out",
              "path": "/nix/store/dmcm5z66qrywifn6aymsdhfx6rdiazpy-yq-go-4.53.3",
              "default": true
            }
          ],
          "store_path": "/nix/store/dmcm5z66qrywifn6aymsdhfx6rdiazpy-yq-go-4.53.3"
        }
      }
    }
  }
}
