{
  "lockfile_version": "1",
  "packages": {
    "cilium-cli@latest": {
      "last_modified": "2026-07-23T05:10:05Z",
      "resolved": "github:NixOS/nixpkgs/7525d999cd850b9a488817abc89c75dc733acf17#cilium-cli",
      "source": "devbox-search",
      "version": "0.19.6",
      "systems": {
        "aarch64-darwin": {
          "outputs": [
            {
              "name": "out",
              "path": "/nix/store/3j0vkhw8z8p4w68mkifynw0imjfq6jbn-cilium-cli-0.19.6",
              "default": true
            }
          ],
          "store_path": "/nix/store/3j0vkhw8z8p4w68mkifynw0imjfq6jbn-cilium-cli-0.19.6"
        },
        "aarch64-linux": {
          "outputs": [
            {
              "name": "out",
              "path": "/nix/store/kwcyly9y35zqnc0rv1sijn8mmrb7gxd9-cilium-cli-0.19.6",
              "default": true
            }
          ],
          "store_path": "/nix/store/kwcyly9y35zqnc0rv1sijn8mmrb7gxd9-cilium-cli-0.19.6"
        },
        "x86_64-linux": {
          "outputs": [
            {
              "name": "out",
              "path": "/nix/store/w9dmn508gna35616iwdm20l8gswmcvfz-cilium-cli-0.19.6",
              "default": true
            }
          ],
          "store_path": "/nix/store/w9dmn508gna35616iwdm20l8gswmcvfz-cilium-cli-0.19.6"
        }
      }
    },
    "github:NixOS/nixpkgs/nixpkgs-unstable": {
      "last_modified": "2026-08-01T16:34:20Z",
      "resolved": "github:NixOS/nixpkgs/a5cbcfe954791221bfffe2307f7d1a1bf61a871e?lastModified=1785602060&narHash=sha256-z7D96eESRM4CPV%2FXtwpwFn8IDdfLAmxz6lVWrGYXvR4%3D"
    },
    "helm@latest": {
      "last_modified": "2026-07-23T05:10:05Z",
      "resolved": "github:NixOS/nixpkgs/7525d999cd850b9a488817abc89c75dc733acf17#helm",
      "source": "devbox-search",
      "version": "0.9.0",
      "systems": {
        "aarch64-linux": {
          "outputs": [
            {
              "name": "out",
              "path": "/nix/store/mr021qb9x0rk1p16biqy9d8c35kc2znh-helm-0.9.0",
              "default": true
            }
          ],
          "store_path": "/nix/store/mr021qb9x0rk1p16biqy9d8c35kc2znh-helm-0.9.0"
        },
        "x86_64-linux": {
          "outputs": [
            {
              "name": "out",
              "path": "/nix/store/qfsxrplq9nlhq5h8n66qafpwvrrj3lsq-helm-0.9.0",
              "default": true
            }
          ],
          "store_path": "/nix/store/qfsxrplq9nlhq5h8n66qafpwvrrj3lsq-helm-0.9.0"
        }
      }
    },
    "jq@latest": {
      "last_modified": "2026-07-23T13:11:22Z",
      "resolved": "github:NixOS/nixpkgs/6d12004108e0e4a5cfa4bd83b14477f040b15773#jq",
      "source": "devbox-search",
      "version": "1.8.2",
      "systems": {
        "aarch64-darwin": {
          "outputs": [
            {
              "name": "bin",
              "path": "/nix/store/1fi2mymhcrnjf4cz0z69plamcdqfnary-jq-1.8.2-bin",
              "default": true
            },
            {
              "name": "man",
              "path": "/nix/store/yl5bdw2pcn90ldqq7r3siwv9wbbkwd8v-jq-1.8.2-man",
              "default": true
            },
            {
              "name": "dev",
              "path": "/nix/store/i8qqb6bphlk58b71077fmadwbq15f1fx-jq-1.8.2-dev"
            },
            {
              "name": "doc",
              "path": "/nix/store/g2j9dyv54j9cdil6ixmwhcmk9p1hs4p4-jq-1.8.2-doc"
            },
            {
              "name": "out",
              "path": "/nix/store/swk3im3b74m5mq3fz70liv0a41gq5bg9-jq-1.8.2"
            }
          ],
          "store_path": "/nix/store/1fi2mymhcrnjf4cz0z69plamcdqfnary-jq-1.8.2-bin"
        },
        "aarch64-linux": {
          "outputs": [
            {
              "name": "bin",
              "path": "/nix/store/l18as28b4wwqds62yqci9l8xhhdhf78l-jq-1.8.2-bin",
              "default": true
            },
            {
              "name": "man",
              "path": "/nix/store/d4213dzz6zg89ga8dbnia2hjbzdcrdfh-jq-1.8.2-man",
              "default": true
            },
            {
              "name": "dev",
              "path": "/nix/store/n82y4hrj0kzw66q0c630r72a2vkf21p8-jq-1.8.2-dev"
            },
            {
              "name": "doc",
              "path": "/nix/store/5dq5m09dlqhm2nxaxqqmffdhzy7sp809-jq-1.8.2-doc"
            },
            {
              "name": "out",
              "path": "/nix/store/97hmn17vbpx0l0wbi4jc6hwr3pyy2zz3-jq-1.8.2"
            }
          ],
          "store_path": "/nix/store/l18as28b4wwqds62yqci9l8xhhdhf78l-jq-1.8.2-bin"
        },
        "x86_64-linux": {
          "outputs": [
            {
              "name": "bin",
              "path": "/nix/store/qqd37kj25f68wxmr9rg05850y9daxbrp-jq-1.8.2-bin",
              "default": true
            },
            {
              "name": "man",
              "path": "/nix/store/9bgnz6r8fb7kk09dzz94wf13lkz2rbbq-jq-1.8.2-man",
              "default": true
            },
            {
              "name": "dev",
              "path": "/nix/store/k39ljkrhbwjb1mahd45zk2w4x34d1345-jq-1.8.2-dev"
            },
            {
              "name": "doc",
              "path": "/nix/store/gygm29lm9w8c392lrk5a94izcghnk0n4-jq-1.8.2-doc"
            },
            {
              "name": "out",
              "path": "/nix/store/s75d4pw16pipr7xqczdw3mg5950cr8mk-jq-1.8.2"
            }
          ],
          "store_path": "/nix/store/qqd37kj25f68wxmr9rg05850y9daxbrp-jq-1.8.2-bin"
        }
      }
    },
    "k9s@latest": {
      "last_modified": "2026-07-23T05:10:05Z",
      "resolved": "github:NixOS/nixpkgs/7525d999cd850b9a488817abc89c75dc733acf17#k9s",
      "source": "devbox-search",
      "version": "0.51.0",
      "systems": {
        "aarch64-darwin": {
          "outputs": [
            {
              "name": "out",
              "path": "/nix/store/0agfzi87wqjpy50iq6kwlgrlix2vzp5x-k9s-0.51.0",
              "default": true
            }
          ],
          "store_path": "/nix/store/0agfzi87wqjpy50iq6kwlgrlix2vzp5x-k9s-0.51.0"
        },
        "aarch64-linux": {
          "outputs": [
            {
              "name": "out",
              "path": "/nix/store/mkifhlnnn1lzvv4i7q42hjccs4wymbxk-k9s-0.51.0",
              "default": true
            }
          ],
          "store_path": "/nix/store/mkifhlnnn1lzvv4i7q42hjccs4wymbxk-k9s-0.51.0"
        },
        "x86_64-darwin": {
          "outputs": [
            {
              "name": "out",
              "path": "/nix/store/b8x9cy329sqgznfv0im37nddbsphjx2m-k9s-0.51.0",
              "default": true
            }
          ],
          "store_path": "/nix/store/b8x9cy329sqgznfv0im37nddbsphjx2m-k9s-0.51.0"
        },
        "x86_64-linux": {
          "outputs": [
            {
              "name": "out",
              "path": "/nix/store/0dmxnhjyxkamf3j3sizjdlmhdga6acbc-k9s-0.51.0",
              "default": true
            }
          ],
          "store_path": "/nix/store/0dmxnhjyxkamf3j3sizjdlmhdga6acbc-k9s-0.51.0"
        }
      }
    },
    "kubectl@latest": {
      "last_modified": "2026-07-23T05:10:05Z",
      "resolved": "github:NixOS/nixpkgs/7525d999cd850b9a488817abc89c75dc733acf17#kubectl",
      "source": "devbox-search",
      "version": "1.36.2",
      "systems": {
        "aarch64-darwin": {
          "outputs": [
            {
              "name": "out",
              "path": "/nix/store/gd535ja3bpcl47mp32skk1f9yx5wjgjr-kubectl-1.36.2",
              "default": true
            },
            {
              "name": "man",
              "path": "/nix/store/jbp0c5v1grjqy00ynsj1qiyb58c5q0ij-kubectl-1.36.2-man",
              "default": true
            },
            {
              "name": "convert",
              "path": "/nix/store/f4vlywq3rbw45f8hbryn33kx6hmkaf51-kubectl-1.36.2-convert"
            }
          ],
          "store_path": "/nix/store/gd535ja3bpcl47mp32skk1f9yx5wjgjr-kubectl-1.36.2"
        },
        "aarch64-linux": {
          "outputs": [
            {
              "name": "out",
              "path": "/nix/store/zfax0c3w00q3qzbp8hbw3an1wy1cr7rd-kubectl-1.36.2",
              "default": true
            },
            {
              "name": "man",
              "path": "/nix/store/s0j4a5i93kgxk1chp9flpz7mwqmzx7n0-kubectl-1.36.2-man",
              "default": true
            },
            {
              "name": "convert",
              "path": "/nix/store/32sq90kwk85vqlgl1nbw7v6wrxh3jlx4-kubectl-1.36.2-convert"
            }
          ],
          "store_path": "/nix/store/zfax0c3w00q3qzbp8hbw3an1wy1cr7rd-kubectl-1.36.2"
        },
        "x86_64-darwin": {
          "outputs": [
            {
              "name": "out",
              "path": "/nix/store/2mzx35a2g3h1n4lpk0p6qm6dl83d2gi6-kubectl-1.36.2",
              "default": true
            },
            {
              "name": "man",
              "path": "/nix/store/8agbav6nsacbxb826wwhy27dckb60hhk-kubectl-1.36.2-man",
              "default": true
            },
            {
              "name": "convert",
              "path": "/nix/store/xavdplccjx28qkqadjgs7mnimc3sizjk-kubectl-1.36.2-convert"
            }
          ],
          "store_path": "/nix/store/2mzx35a2g3h1n4lpk0p6qm6dl83d2gi6-kubectl-1.36.2"
        },
        "x86_64-linux": {
          "outputs": [
            {
              "name": "out",
              "path": "/nix/store/fcpab382l1plra0rqbk0dhznmyl1b1xw-kubectl-1.36.2",
              "default": true
            },
            {
              "name": "man",
              "path": "/nix/store/x6cryrmnqcf1b1ka8ily3xkd8g34lg74-kubectl-1.36.2-man",
              "default": true
            },
            {
              "name": "convert",
              "path": "/nix/store/s1r0prjg7zrsgmcix09bgq5b9chmwik3-kubectl-1.36.2-convert"
            }
          ],
          "store_path": "/nix/store/fcpab382l1plra0rqbk0dhznmyl1b1xw-kubectl-1.36.2"
        }
      }
    },
    "kubectx@latest": {
      "last_modified": "2026-07-23T05:10:05Z",
      "resolved": "github:NixOS/nixpkgs/7525d999cd850b9a488817abc89c75dc733acf17#kubectx",
      "source": "devbox-search",
      "version": "0.11.0",
      "systems": {
        "aarch64-darwin": {
          "outputs": [
            {
              "name": "out",
              "path": "/nix/store/fqwbj1pfbzwik5hxcj8cdxnk300xrpkf-kubectx-0.11.0",
              "default": true
            }
          ],
          "store_path": "/nix/store/fqwbj1pfbzwik5hxcj8cdxnk300xrpkf-kubectx-0.11.0"
        },
        "aarch64-linux": {
          "outputs": [
            {
              "name": "out",
              "path": "/nix/store/lcamn6f42q4dyb5mvnljpnbws86daqa2-kubectx-0.11.0",
              "default": true
            }
          ],
          "store_path": "/nix/store/lcamn6f42q4dyb5mvnljpnbws86daqa2-kubectx-0.11.0"
        },
        "x86_64-darwin": {
          "outputs": [
            {
              "name": "out",
              "path": "/nix/store/irkyq7h6ms0d55knfpxidvnzn4c48cli-kubectx-0.11.0",
              "default": true
            }
          ],
          "store_path": "/nix/store/irkyq7h6ms0d55knfpxidvnzn4c48cli-kubectx-0.11.0"
        },
        "x86_64-linux": {
          "outputs": [
            {
              "name": "out",
              "path": "/nix/store/gqifjav1sy90y4paql524j1qizk9fxli-kubectx-0.11.0",
              "default": true
            }
          ],
          "store_path": "/nix/store/gqifjav1sy90y4paql524j1qizk9fxli-kubectx-0.11.0"
        }
      }
    },
    "kubelogin-oidc@latest": {
      "last_modified": "2026-07-23T05:10:05Z",
      "resolved": "github:NixOS/nixpkgs/7525d999cd850b9a488817abc89c75dc733acf17#kubelogin-oidc",
      "source": "devbox-search",
      "version": "1.36.2",
      "systems": {
        "aarch64-darwin": {
          "outputs": [
            {
              "name": "out",
              "path": "/nix/store/j378i1sl40679hcjpqlafy4w13jk6gig-kubelogin-1.36.2",
              "default": true
            }
          ],
          "store_path": "/nix/store/j378i1sl40679hcjpqlafy4w13jk6gig-kubelogin-1.36.2"
        },
        "aarch64-linux": {
          "outputs": [
            {
              "name": "out",
              "path": "/nix/store/mfp0yl778fy443ihyilqjf93v24pf2gx-kubelogin-1.36.2",
              "default": true
            }
          ],
          "store_path": "/nix/store/mfp0yl778fy443ihyilqjf93v24pf2gx-kubelogin-1.36.2"
        },
        "x86_64-darwin": {
          "outputs": [
            {
              "name": "out",
              "path": "/nix/store/4bk060w3xaxh1lbj1bb5arvfvv19rri2-kubelogin-1.36.2",
              "default": true
            }
          ],
          "store_path": "/nix/store/4bk060w3xaxh1lbj1bb5arvfvv19rri2-kubelogin-1.36.2"
        },
        "x86_64-linux": {
          "outputs": [
            {
              "name": "out",
              "path": "/nix/store/qf550l8sz133kg9xf2lh3fczmpy2pl1p-kubelogin-1.36.2",
              "default": true
            }
          ],
          "store_path": "/nix/store/qf550l8sz133kg9xf2lh3fczmpy2pl1p-kubelogin-1.36.2"
        }
      }
    },
    "kubent@latest": {
      "last_modified": "2026-07-23T05:10:05Z",
      "resolved": "github:NixOS/nixpkgs/7525d999cd850b9a488817abc89c75dc733acf17#kubent",
      "source": "devbox-search",
      "version": "0.7.3",
      "systems": {
        "aarch64-darwin": {
          "outputs": [
            {
              "name": "out",
              "path": "/nix/store/cj7kp57bd7iqs8kghnwiq2zh64kjykjq-kubent-0.7.3",
              "default": true
            }
          ],
          "store_path": "/nix/store/cj7kp57bd7iqs8kghnwiq2zh64kjykjq-kubent-0.7.3"
        },
        "aarch64-linux": {
          "outputs": [
            {
              "name": "out",
              "path": "/nix/store/0xvds79w59vcyiflwclfgd05r0dlrd07-kubent-0.7.3",
              "default": true
            }
          ],
          "store_path": "/nix/store/0xvds79w59vcyiflwclfgd05r0dlrd07-kubent-0.7.3"
        },
        "x86_64-darwin": {
          "outputs": [
            {
              "name": "out",
              "path": "/nix/store/msgnfm0grg8pld2jd127kmy63i7rfzd7-kubent-0.7.3",
              "default": true
            }
          ],
          "store_path": "/nix/store/msgnfm0grg8pld2jd127kmy63i7rfzd7-kubent-0.7.3"
        },
        "x86_64-linux": {
          "outputs": [
            {
              "name": "out",
              "path": "/nix/store/gfvb3f12x6m4qww9a88g5675kb19wk22-kubent-0.7.3",
              "default": true
            }
          ],
          "store_path": "/nix/store/gfvb3f12x6m4qww9a88g5675kb19wk22-kubent-0.7.3"
        }
      }
    },
    "kubernetes-helm@latest": {
      "last_modified": "2026-07-23T05:10:05Z",
      "resolved": "github:NixOS/nixpkgs/7525d999cd850b9a488817abc89c75dc733acf17#kubernetes-helm",
      "source": "devbox-search",
      "version": "4.2.3",
      "systems": {
        "aarch64-darwin": {
          "outputs": [
            {
              "name": "out",
              "path": "/nix/store/pskv3khyizrc09rnqrp6d0wn5pllripx-kubernetes-helm-4.2.3",
              "default": true
            }
          ],
          "store_path": "/nix/store/pskv3khyizrc09rnqrp6d0wn5pllripx-kubernetes-helm-4.2.3"
        },
        "aarch64-linux": {
          "outputs": [
            {
              "name": "out",
              "path": "/nix/store/k99lgyz9k814kr389jirpim37nqpi7qp-kubernetes-helm-4.2.3",
              "default": true
            }
          ],
          "store_path": "/nix/store/k99lgyz9k814kr389jirpim37nqpi7qp-kubernetes-helm-4.2.3"
        },
        "x86_64-linux": {
          "outputs": [
            {
              "name": "out",
              "path": "/nix/store/n1rbyfp9sn0r0gzx4z9lniisiad9h5yq-kubernetes-helm-4.2.3",
              "default": true
            }
          ],
          "store_path": "/nix/store/n1rbyfp9sn0r0gzx4z9lniisiad9h5yq-kubernetes-helm-4.2.3"
        }
      }
    },
    "kubeseal@latest": {
      "last_modified": "2026-07-23T05:10:05Z",
      "resolved": "github:NixOS/nixpkgs/7525d999cd850b9a488817abc89c75dc733acf17#kubeseal",
      "source": "devbox-search",
      "version": "0.36.0",
      "systems": {
        "aarch64-darwin": {
          "outputs": [
            {
              "name": "out",
              "path": "/nix/store/lam2mj51r9zd0m6nhn0lkc7jp48rnv74-kubeseal-0.36.0",
              "default": true
            }
          ],
          "store_path": "/nix/store/lam2mj51r9zd0m6nhn0lkc7jp48rnv74-kubeseal-0.36.0"
        },
        "aarch64-linux": {
          "outputs": [
            {
              "name": "out",
              "path": "/nix/store/kbn46430hmflgzzcknr84k0hjqr79m3m-kubeseal-0.36.0",
              "default": true
            }
          ],
          "store_path": "/nix/store/kbn46430hmflgzzcknr84k0hjqr79m3m-kubeseal-0.36.0"
        },
        "x86_64-darwin": {
          "outputs": [
            {
              "name": "out",
              "path": "/nix/store/80zg0vxd10wlxcwlhzhsf35974i28ycn-kubeseal-0.36.0",
              "default": true
            }
          ],
          "store_path": "/nix/store/80zg0vxd10wlxcwlhzhsf35974i28ycn-kubeseal-0.36.0"
        },
        "x86_64-linux": {
          "outputs": [
            {
              "name": "out",
              "path": "/nix/store/6lypn1ibgl6db7ggflr00pc5125l07y0-kubeseal-0.36.0",
              "default": true
            }
          ],
          "store_path": "/nix/store/6lypn1ibgl6db7ggflr00pc5125l07y0-kubeseal-0.36.0"
        }
      }
    },
    "kustomize@latest": {
      "last_modified": "2026-07-23T05:10:05Z",
      "resolved": "github:NixOS/nixpkgs/7525d999cd850b9a488817abc89c75dc733acf17#kustomize",
      "source": "devbox-search",
      "version": "5.8.1",
      "systems": {
        "aarch64-darwin": {
          "outputs": [
            {
              "name": "out",
              "path": "/nix/store/3fa9aglk1pq4fm737nd9xv8xgfsk35yi-kustomize-5.8.1",
              "default": true
            }
          ],
          "store_path": "/nix/store/3fa9aglk1pq4fm737nd9xv8xgfsk35yi-kustomize-5.8.1"
        },
        "aarch64-linux": {
          "outputs": [
            {
              "name": "out",
              "path": "/nix/store/bv17nqpysby76i4j6bgakbainmqasnp0-kustomize-5.8.1",
              "default": true
            }
          ],
          "store_path": "/nix/store/bv17nqpysby76i4j6bgakbainmqasnp0-kustomize-5.8.1"
        },
        "x86_64-darwin": {
          "outputs": [
            {
              "name": "out",
              "path": "/nix/store/7hx9cv1yxfd01k33aaxay05a8pzm3gja-kustomize-5.8.1",
              "default": true
            }
          ],
          "store_path": "/nix/store/7hx9cv1yxfd01k33aaxay05a8pzm3gja-kustomize-5.8.1"
        },
        "x86_64-linux": {
          "outputs": [
            {
              "name": "out",
              "path": "/nix/store/qdg8c7c78c0sx9fbrjd2dzrj56ds2ccy-kustomize-5.8.1",
              "default": true
            }
          ],
          "store_path": "/nix/store/qdg8c7c78c0sx9fbrjd2dzrj56ds2ccy-kustomize-5.8.1"
        }
      }
    },
    "opentofu@latest": {
      "last_modified": "2026-07-23T05:10:05Z",
      "resolved": "github:NixOS/nixpkgs/7525d999cd850b9a488817abc89c75dc733acf17#opentofu",
      "source": "devbox-search",
      "version": "1.12.4",
      "systems": {
        "aarch64-darwin": {
          "outputs": [
            {
              "name": "out",
              "path": "/nix/store/49vy4s6ha8wibk4j0gcyibjnk3g2qykn-opentofu-1.12.4",
              "default": true
            }
          ],
          "store_path": "/nix/store/49vy4s6ha8wibk4j0gcyibjnk3g2qykn-opentofu-1.12.4"
        },
        "aarch64-linux": {
          "outputs": [
            {
              "name": "out",
              "path": "/nix/store/p5h3k5aqxzj1a9nfgfy0fh1mzhf5bd2k-opentofu-1.12.4",
              "default": true
            }
          ],
          "store_path": "/nix/store/p5h3k5aqxzj1a9nfgfy0fh1mzhf5bd2k-opentofu-1.12.4"
        },
        "x86_64-linux": {
          "outputs": [
            {
              "name": "out",
              "path": "/nix/store/2cdpgl60x2gkydh2yhsppx161iywip5c-opentofu-1.12.4",
              "default": true
            }
          ],
          "store_path": "/nix/store/2cdpgl60x2gkydh2yhsppx161iywip5c-opentofu-1.12.4"
        }
      }
    },
    "talhelper@latest": {
      "last_modified": "2026-07-23T05:10:05Z",
      "resolved": "github:NixOS/nixpkgs/7525d999cd850b9a488817abc89c75dc733acf17#talhelper",
      "source": "devbox-search",
      "version": "3.1.13",
      "systems": {
        "aarch64-darwin": {
          "outputs": [
            {
              "name": "out",
              "path": "/nix/store/lzswnd1rha1hd4mqismp0f6x98pmbrm9-talhelper-3.1.13",
              "default": true
            }
          ],
          "store_path": "/nix/store/lzswnd1rha1hd4mqismp0f6x98pmbrm9-talhelper-3.1.13"
        },
        "aarch64-linux": {
          "outputs": [
            {
              "name": "out",
              "path": "/nix/store/k4f82yhpsbzfrncvlk0qy7zg4yix9n8h-talhelper-3.1.13",
              "default": true
            }
          ],
          "store_path": "/nix/store/k4f82yhpsbzfrncvlk0qy7zg4yix9n8h-talhelper-3.1.13"
        },
        "x86_64-linux": {
          "outputs": [
            {
              "name": "out",
              "path": "/nix/store/i0h30nn719ckz5vaw3n1mgk7g6wk49jx-talhelper-3.1.13",
              "default": true
            }
          ],
          "store_path": "/nix/store/i0h30nn719ckz5vaw3n1mgk7g6wk49jx-talhelper-3.1.13"
        }
      }
    },
    "talosctl@latest": {
      "last_modified": "2026-07-23T05:10:05Z",
      "resolved": "github:NixOS/nixpkgs/7525d999cd850b9a488817abc89c75dc733acf17#talosctl",
      "source": "devbox-search",
      "version": "1.13.5",
      "systems": {
        "aarch64-darwin": {
          "outputs": [
            {
              "name": "out",
              "path": "/nix/store/wj7idjfkz83hgmf2bs2l52i8n98m6v1q-talosctl-1.13.5",
              "default": true
            }
          ],
          "store_path": "/nix/store/wj7idjfkz83hgmf2bs2l52i8n98m6v1q-talosctl-1.13.5"
        },
        "aarch64-linux": {
          "outputs": [
            {
              "name": "out",
              "path": "/nix/store/4jpp81g4zlyb2prxkcpbv7xbyyqsxiy8-talosctl-1.13.5",
              "default": true
            }
          ],
          "store_path": "/nix/store/4jpp81g4zlyb2prxkcpbv7xbyyqsxiy8-talosctl-1.13.5"
        },
        "x86_64-darwin": {
          "outputs": [
            {
              "name": "out",
              "path": "/nix/store/lv4kn8i8fkpgbsl11d1xvv2h037gkyj7-talosctl-1.13.5",
              "default": true
            }
          ],
          "store_path": "/nix/store/lv4kn8i8fkpgbsl11d1xvv2h037gkyj7-talosctl-1.13.5"
        },
        "x86_64-linux": {
          "outputs": [
            {
              "name": "out",
              "path": "/nix/store/7c0ncypdnhdcizsf06af24kbybkj8h8f-talosctl-1.13.5",
              "default": true
            }
          ],
          "store_path": "/nix/store/7c0ncypdnhdcizsf06af24kbybkj8h8f-talosctl-1.13.5"
        }
      }
    },
    "yq-go@latest": {
      "last_modified": "2026-07-23T05:10:05Z",
      "resolved": "github:NixOS/nixpkgs/7525d999cd850b9a488817abc89c75dc733acf17#yq-go",
      "source": "devbox-search",
      "version": "4.53.3",
      "systems": {
        "aarch64-darwin": {
          "outputs": [
            {
              "name": "out",
              "path": "/nix/store/0vsha68zmnrysjsy3szkpvscqkm2qplp-yq-go-4.53.3",
              "default": true
            }
          ],
          "store_path": "/nix/store/0vsha68zmnrysjsy3szkpvscqkm2qplp-yq-go-4.53.3"
        },
        "aarch64-linux": {
          "outputs": [
            {
              "name": "out",
              "path": "/nix/store/wflw43nbb0jb7ddncklryi3yx0ai7cgf-yq-go-4.53.3",
              "default": true
            }
          ],
          "store_path": "/nix/store/wflw43nbb0jb7ddncklryi3yx0ai7cgf-yq-go-4.53.3"
        },
        "x86_64-darwin": {
          "outputs": [
            {
              "name": "out",
              "path": "/nix/store/agf9fyr053m3092vsmh6vih3apz0kw05-yq-go-4.53.3",
              "default": true
            }
          ],
          "store_path": "/nix/store/agf9fyr053m3092vsmh6vih3apz0kw05-yq-go-4.53.3"
        },
        "x86_64-linux": {
          "outputs": [
            {
              "name": "out",
              "path": "/nix/store/mr1a1d7yzvg7x8vc11gj3cfiykr8wjx3-yq-go-4.53.3",
              "default": true
            }
          ],
          "store_path": "/nix/store/mr1a1d7yzvg7x8vc11gj3cfiykr8wjx3-yq-go-4.53.3"
        }
      }
    }
  }
}
